
Microsoft Visual Studio Solution File, Format Version 12.00
# Visual Studio 15
VisualStudioVersion = 15.0.25807.0
MinimumVisualStudioVersion = 10.0.40219.1
Project("{2150E333-8FDC-42A3-9474-1A3956D46DE8}") = "Engine", "Engine", "{87508A9F-050D-44F5-99C2-5EBD6FDB6643}"
EndProject
Project("{2150E333-8FDC-42A3-9474-1A3956D46DE8}") = "Games", "Games", "{8102C7BC-4A10-41AA-A72E-F2B231ED04AF}"
EndProject
Project("{8BC9CEB8-8B4A-11D0-8D11-00A0C91BC942}") = "UE4", "Intermediate\ProjectFiles\UE4.vcxproj", "{EFC0FD91-FE0B-411D-80E4-892107F5010E}"
EndProject
Project("{8BC9CEB8-8B4A-11D0-8D11-00A0C91BC942}") = "BuildingEscape", "Intermediate\ProjectFiles\BuildingEscape.vcxproj", "{7472F13E-8955-426E-B68C-0DA71DE412DF}"
EndProject
Project("{2150E333-8FDC-42A3-9474-1A3956D46DE8}") = "Visualizers", "Visualizers", "{127B7F50-CBA4-4990-B55E-A7AB9879CF97}"
	ProjectSection(SolutionItems) = preProject
		..\..\..\..\..\Program Files\Epic Games\UE_4.21\Engine\Extras\VisualStudioDebugging\UE4.natvis = ..\..\..\..\..\Program Files\Epic Games\UE_4.21\Engine\Extras\VisualStudioDebugging\UE4.natvis
	EndProjectSection
EndProject
Global
	GlobalSection(SolutionConfigurationPlatforms) = preSolution
		DebugGame Editor|HTML5 = DebugGame Editor|HTML5
		DebugGame Editor|Win32 = DebugGame Editor|Win32
		DebugGame Editor|Win64 = DebugGame Editor|Win64
		DebugGame|HTML5 = DebugGame|HTML5
		DebugGame|Win32 = DebugGame|Win32
		DebugGame|Win64 = DebugGame|Win64
		Development Editor|HTML5 = Development Editor|HTML5
		Development Editor|Win32 = Development Editor|Win32
		Development Editor|Win64 = Development Editor|Win64
		Development|HTML5 = Development|HTML5
		Development|Win32 = Development|Win32
		Development|Win64 = Development|Win64
		Shipping|HTML5 = Shipping|HTML5
		Shipping|Win32 = Shipping|Win32
		Shipping|Win64 = Shipping|Win64
	EndGlobalSection
	GlobalSection(ProjectConfigurationPlatforms) = postSolution
		{EFC0FD91-FE0B-411D-80E4-892107F5010E}.DebugGame Editor|HTML5.ActiveCfg = BuiltWithUnrealBuildTool|Win32
		{EFC0FD91-FE0B-411D-80E4-892107F5010E}.DebugGame Editor|Win32.ActiveCfg = BuiltWithUnrealBuildTool|Win32
		{EFC0FD91-FE0B-411D-80E4-892107F5010E}.DebugGame Editor|Win64.ActiveCfg = BuiltWithUnrealBuildTool|Win32
		{EFC0FD91-FE0B-411D-80E4-892107F5010E}.DebugGame|HTML5.ActiveCfg = BuiltWithUnrealBuildTool|Win32
		{EFC0FD91-FE0B-411D-80E4-892107F5010E}.DebugGame|Win32.ActiveCfg = BuiltWithUnrealBuildTool|Win32
		{EFC0FD91-FE0B-411D-80E4-892107F5010E}.DebugGame|Win64.ActiveCfg = BuiltWithUnrealBuildTool|Win32
		{EFC0FD91-FE0B-411D-80E4-892107F5010E}.Development Editor|HTML5.ActiveCfg = BuiltWithUnrealBuildTool|Win32
		{EFC0FD91-FE0B-411D-80E4-892107F5010E}.Development Editor|Win32.ActiveCfg = BuiltWithUnrealBuildTool|Win32
		{EFC0FD91-FE0B-411D-80E4-892107F5010E}.Development Editor|Win64.ActiveCfg = BuiltWithUnrealBuildTool|Win32
		{EFC0FD91-FE0B-411D-80E4-892107F5010E}.Development|HTML5.ActiveCfg = BuiltWithUnrealBuildTool|Win32
		{EFC0FD91-FE0B-411D-80E4-892107F5010E}.Development|Win32.ActiveCfg = BuiltWithUnrealBuildTool|Win32
		{EFC0FD91-FE0B-411D-80E4-892107F5010E}.Development|Win64.ActiveCfg = BuiltWithUnrealBuildTool|Win32
		{EFC0FD91-FE0B-411D-80E4-892107F5010E}.Shipping|HTML5.ActiveCfg = BuiltWithUnrealBuildTool|Win32
		{EFC0FD91-FE0B-411D-80E4-892107F5010E}.Shipping|Win32.ActiveCfg = BuiltWithUnrealBuildTool|Win32
		{EFC0FD91-FE0B-411D-80E4-892107F5010E}.Shipping|Win64.ActiveCfg = BuiltWithUnrealBuildTool|Win32
		{7472F13E-8955-426E-B68C-0DA71DE412DF}.DebugGame Editor|HTML5.ActiveCfg = Invalid|Win32
		{7472F13E-8955-426E-B68C-0DA71DE412DF}.DebugGame Editor|Win32.ActiveCfg = Invalid|Win32
		{7472F13E-8955-426E-B68C-0DA71DE412DF}.DebugGame Editor|Win64.ActiveCfg = DebugGame_Editor|x64
		{7472F13E-8955-426E-B68C-0DA71DE412DF}.DebugGame Editor|Win64.Build.0 = DebugGame_Editor|x64
		{7472F13E-8955-426E-B68C-0DA71DE412DF}.DebugGame|HTML5.ActiveCfg = HTML5_DebugGame|Win32
		{7472F13E-8955-426E-B68C-0DA71DE412DF}.DebugGame|HTML5.Build.0 = HTML5_DebugGame|Win32
		{7472F13E-8955-426E-B68C-0DA71DE412DF}.DebugGame|Win32.ActiveCfg = DebugGame|Win32
		{7472F13E-8955-426E-B68C-0DA71DE412DF}.DebugGame|Win32.Build.0 = DebugGame|Win32
		{7472F13E-8955-426E-B68C-0DA71DE412DF}.DebugGame|Win64.ActiveCfg = DebugGame|x64
		{7472F13E-8955-426E-B68C-0DA71DE412DF}.DebugGame|Win64.Build.0 = DebugGame|x64
		{7472F13E-8955-426E-B68C-0DA71DE412DF}.Development Editor|HTML5.ActiveCfg = Invalid|Win32
		{7472F13E-8955-426E-B68C-0DA71DE412DF}.Development Editor|Win32.ActiveCfg = Invalid|Win32
		{7472F13E-8955-426E-B68C-0DA71DE412DF}.Development Editor|Win64.ActiveCfg = Development_Editor|x64
		{7472F13E-8955-426E-B68C-0DA71DE412DF}.Development Editor|Win64.Build.0 = Development_Editor|x64
		{7472F13E-8955-426E-B68C-0DA71DE412DF}.Development|HTML5.ActiveCfg = HTML5_Development|Win32
		{7472F13E-8955-426E-B68C-0DA71DE412DF}.Development|HTML5.Build.0 = HTML5_Development|Win32
		{7472F13E-8955-426E-B68C-0DA71DE412DF}.Development|Win32.ActiveCfg = Development|Win32
		{7472F13E-8955-426E-B68C-0DA71DE412DF}.Development|Win32.Build.0 = Development|Win32
		{7472F13E-8955-426E-B68C-0DA71DE412DF}.Development|Win64.ActiveCfg = Development|x64
		{7472F13E-8955-426E-B68C-0DA71DE412DF}.Development|Win64.Build.0 = Development|x64
		{7472F13E-8955-426E-B68C-0DA71DE412DF}.Shipping|HTML5.ActiveCfg = HTML5_Shipping|Win32
		{7472F13E-8955-426E-B68C-0DA71DE412DF}.Shipping|HTML5.Build.0 = HTML5_Shipping|Win32
		{7472F13E-8955-426E-B68C-0DA71DE412DF}.Shipping|Win32.ActiveCfg = Shipping|Win32
		{7472F13E-8955-426E-B68C-0DA71DE412DF}.Shipping|Win32.Build.0 = Shipping|Win32
		{7472F13E-8955-426E-B68C-0DA71DE412DF}.Shipping|Win64.ActiveCfg = Shipping|x64
		{7472F13E-8955-426E-B68C-0DA71DE412DF}.Shipping|Win64.Build.0 = Shipping|x64
	EndGlobalSection
	GlobalSection(SolutionProperties) = preSolution
		HideSolutionNode = FALSE
	EndGlobalSection
	GlobalSection(NestedProjects) = preSolution
		{EFC0FD91-FE0B-411D-80E4-892107F5010E} = {87508A9F-050D-44F5-99C2-5EBD6FDB6643}
		{7472F13E-8955-426E-B68C-0DA71DE412DF} = {8102C7BC-4A10-41AA-A72E-F2B231ED04AF}
	EndGlobalSection
EndGlobal
